
Microsoft Visual Studio Solution File, Format Version 12.00
# Visual Studio Version 17
VisualStudioVersion = 17.8.34330.188
MinimumVisualStudioVersion = 10.0.40219.1
Project("{FAE04EC0-301F-11D3-BF4B-00C04F79EFBC}") = "AuthService.Application", "src\AuthService.Application\AuthService.Application.csproj", "{91A14526-ADEA-4440-BB60-9D01EB96B5FC}"
EndProject
Project("{FAE04EC0-301F-11D3-BF4B-00C04F79EFBC}") = "AuthService.Domain", "src\AuthService.Domain\AuthService.Domain.csproj", "{228386E1-05B5-4DB2-94FD-65685B150096}"
EndProject
Project("{FAE04EC0-301F-11D3-BF4B-00C04F79EFBC}") = "AuthService.Infrastructure", "src\AuthService.Infrastructure\AuthService.Infrastructure.csproj", "{BD435EB0-F5E7-43EC-A340-213D8A566FF8}"
EndProject
Project("{FAE04EC0-301F-11D3-BF4B-00C04F79EFBC}") = "AuthService.Api", "src\AuthService.Api\AuthService.Api.csproj", "{D4282D79-FE72-4C1A-A563-5C950DCC2471}"
EndProject
Project("{FAE04EC0-301F-11D3-BF4B-00C04F79EFBC}") = "AuthService.IntegrationTests", "tests\AuthService.IntegrationTests\AuthService.IntegrationTests.csproj", "{86D5BC2A-58DF-4C03-A8A5-586D00E517F8}"
EndProject
Project("{FAE04EC0-301F-11D3-BF4B-00C04F79EFBC}") = "AuthService.UnitTests", "tests\AuthService.UnitTests\AuthService.UnitTests.csproj", "{DE6B5829-6AA7-4C24-85C5-ABB550F1CE1D}"
EndProject
Global
	GlobalSection(SolutionConfigurationPlatforms) = preSolution
		Debug|Any CPU = Debug|Any CPU
		Release|Any CPU = Release|Any CPU
	EndGlobalSection
	GlobalSection(ProjectConfigurationPlatforms) = postSolution
		{91A14526-ADEA-4440-BB60-9D01EB96B5FC}.Debug|Any CPU.ActiveCfg = Debug|Any CPU
		{91A14526-ADEA-4440-BB60-9D01EB96B5FC}.Debug|Any CPU.Build.0 = Debug|Any CPU
		{91A14526-ADEA-4440-BB60-9D01EB96B5FC}.Release|Any CPU.ActiveCfg = Release|Any CPU
		{91A14526-ADEA-4440-BB60-9D01EB96B5FC}.Release|Any CPU.Build.0 = Release|Any CPU
		{228386E1-05B5-4DB2-94FD-65685B150096}.Debug|Any CPU.ActiveCfg = Debug|Any CPU
		{228386E1-05B5-4DB2-94FD-65685B150096}.Debug|Any CPU.Build.0 = Debug|Any CPU
		{228386E1-05B5-4DB2-94FD-65685B150096}.Release|Any CPU.ActiveCfg = Release|Any CPU
		{228386E1-05B5-4DB2-94FD-65685B150096}.Release|Any CPU.Build.0 = Release|Any CPU
		{BD435EB0-F5E7-43EC-A340-213D8A566FF8}.Debug|Any CPU.ActiveCfg = Debug|Any CPU
		{BD435EB0-F5E7-43EC-A340-213D8A566FF8}.Debug|Any CPU.Build.0 = Debug|Any CPU
		{BD435EB0-F5E7-43EC-A340-213D8A566FF8}.Release|Any CPU.ActiveCfg = Release|Any CPU
		{BD435EB0-F5E7-43EC-A340-213D8A566FF8}.Release|Any CPU.Build.0 = Release|Any CPU
		{D4282D79-FE72-4C1A-A563-5C950DCC2471}.Debug|Any CPU.ActiveCfg = Debug|Any CPU
		{D4282D79-FE72-4C1A-A563-5C950DCC2471}.Debug|Any CPU.Build.0 = Debug|Any CPU
		{D4282D79-FE72-4C1A-A563-5C950DCC2471}.Release|Any CPU.ActiveCfg = Release|Any CPU
		{D4282D79-FE72-4C1A-A563-5C950DCC2471}.Release|Any CPU.Build.0 = Release|Any CPU
		{86D5BC2A-58DF-4C03-A8A5-586D00E517F8}.Debug|Any CPU.ActiveCfg = Debug|Any CPU
		{86D5BC2A-58DF-4C03-A8A5-586D00E517F8}.Debug|Any CPU.Build.0 = Debug|Any CPU
		{86D5BC2A-58DF-4C03-A8A5-586D00E517F8}.Release|Any CPU.ActiveCfg = Release|Any CPU
		{86D5BC2A-58DF-4C03-A8A5-586D00E517F8}.Release|Any CPU.Build.0 = Release|Any CPU
		{DE6B5829-6AA7-4C24-85C5-ABB550F1CE1D}.Debug|Any CPU.ActiveCfg = Debug|Any CPU
		{DE6B5829-6AA7-4C24-85C5-ABB550F1CE1D}.Debug|Any CPU.Build.0 = Debug|Any CPU
		{DE6B5829-6AA7-4C24-85C5-ABB550F1CE1D}.Release|Any CPU.ActiveCfg = Release|Any CPU
		{DE6B5829-6AA7-4C24-85C5-ABB550F1CE1D}.Release|Any CPU.Build.0 = Release|Any CPU
	EndGlobalSection
	GlobalSection(SolutionProperties) = preSolution
		HideSolutionNode = FALSE
	EndGlobalSection
	GlobalSection(ExtensibilityGlobals) = postSolution
		SolutionGuid = {4016ECBC-F5D3-42D2-BDF1-0F18D85C4BBC}
	EndGlobalSection
EndGlobal
